{
  "nodes": {
    "nixpkgs": {
      "locked": {
        "lastModified": 1791031588,
        "narHash": "sha256-/FGDr01siZ8txrVzkOz6CYjiz0XR27JuVJP+aWchi4s=",
        "owner": "NixOS",
        "repo": "nixpkgs",
        "rev": "825e2028c29b702a4a5f085f08095d12099784f2",
        "type": "github"
      },
      "original": {
        "owner": "NixOS",
        "ref": "nixos-26.05",
        "repo": "nixpkgs",
        "type": "github"
      }
    },
    "packages": {
      "inputs": {
        "nixpkgs": [
          "nixpkgs"
        ]
      },
      "locked": {
        "lastModified": 1791177668,
        "narHash": "sha256-0wr4ovzhk15k4SHhe7xY6MaFamN5L9ZbcJaW8Q4M2A8=",
        "ref": "refs/heads/main",
        "rev": "cf0e868db66ad831b6c795e9aea6d1ddabba3dd1",
        "revCount": 2,
        "type": "git",
        "url": "ssh://git@github.com/zfnmxt/packages"
      },
      "original": {
        "type": "git",
        "url": "ssh://git@github.com/zfnmxt/packages"
      }
    },
    "root": {
      "inputs": {
        "nixpkgs": "nixpkgs",
        "packages": "packages"
      }
    }
  },
  "root": "root",
  "version": 7
}
